
Microsoft Visual Studio Solution File, Format Version 12.00
# Visual Studio Version 17
VisualStudioVersion = 17.14.36203.30
MinimumVisualStudioVersion = 10.0.40219.1
Project("{FAE04EC0-301F-11D3-BF4B-00C04F79EFBC}") = "Configuration", "Configuration\Configuration.csproj", "{9A684EFE-8678-4028-BD84-5E2B600B35E0}"
EndProject
Project("{2150E333-8FDC-42A3-9474-1A3956D46DE8}") = "01_Configuration", "01_Configuration", "{02EA681E-C7D8-13C7-8484-4AC65E1B71E8}"
EndProject
Project("{2150E333-8FDC-42A3-9474-1A3956D46DE8}") = "02_CoreDomainModels", "02_CoreDomainModels", "{225F6706-C7FF-437D-8168-53456970B726}"
EndProject
Project("{FAE04EC0-301F-11D3-BF4B-00C04F79EFBC}") = "Models", "Models\Models.csproj", "{1D59836C-1F9E-44D2-9F84-DDB4CFB09879}"
EndProject
Project("{2150E333-8FDC-42A3-9474-1A3956D46DE8}") = "03_Commands", "03_Commands", "{CBB7DAD9-FA78-4DA9-8477-40859BFB620A}"
EndProject
Project("{FAE04EC0-301F-11D3-BF4B-00C04F79EFBC}") = "Commands", "Commands\Commands.csproj", "{A5F29963-0A1E-4C29-A8E3-311EC1AF896E}"
EndProject
Project("{2150E333-8FDC-42A3-9474-1A3956D46DE8}") = "04_Services", "04_Services", "{0520F115-9F36-4D72-AAC5-D8C4B3DAC0EF}"
EndProject
Project("{FAE04EC0-301F-11D3-BF4B-00C04F79EFBC}") = "Services", "Services\Services.csproj", "{722C21F2-E55D-4E28-B7B1-0720A35EA337}"
EndProject
Project("{2150E333-8FDC-42A3-9474-1A3956D46DE8}") = "05_DependencyInjection", "05_DependencyInjection", "{5961CA48-9DEA-4265-A0EA-49D9B6B6225B}"
EndProject
Project("{2150E333-8FDC-42A3-9474-1A3956D46DE8}") = "06_Testing", "06_Testing", "{7124FB41-22EB-4945-AB8E-36E799825948}"
EndProject
Project("{FAE04EC0-301F-11D3-BF4B-00C04F79EFBC}") = "Tests.Services", "Tests.Services\Tests.Services.csproj", "{D6AC81B3-E802-4408-A873-9912A6A340DA}"
EndProject
Project("{FAE04EC0-301F-11D3-BF4B-00C04F79EFBC}") = "Console.Bootstrapper", "Console.Bootstrapper\Console.Bootstrapper.csproj", "{426F8B8A-3983-B069-D55F-693C25CBFAD1}"
EndProject
Global
	GlobalSection(SolutionConfigurationPlatforms) = preSolution
		Debug|Any CPU = Debug|Any CPU
		Release|Any CPU = Release|Any CPU
	EndGlobalSection
	GlobalSection(ProjectConfigurationPlatforms) = postSolution
		{9A684EFE-8678-4028-BD84-5E2B600B35E0}.Debug|Any CPU.ActiveCfg = Debug|Any CPU
		{9A684EFE-8678-4028-BD84-5E2B600B35E0}.Debug|Any CPU.Build.0 = Debug|Any CPU
		{9A684EFE-8678-4028-BD84-5E2B600B35E0}.Release|Any CPU.ActiveCfg = Release|Any CPU
		{9A684EFE-8678-4028-BD84-5E2B600B35E0}.Release|Any CPU.Build.0 = Release|Any CPU
		{1D59836C-1F9E-44D2-9F84-DDB4CFB09879}.Debug|Any CPU.ActiveCfg = Debug|Any CPU
		{1D59836C-1F9E-44D2-9F84-DDB4CFB09879}.Debug|Any CPU.Build.0 = Debug|Any CPU
		{1D59836C-1F9E-44D2-9F84-DDB4CFB09879}.Release|Any CPU.ActiveCfg = Release|Any CPU
		{1D59836C-1F9E-44D2-9F84-DDB4CFB09879}.Release|Any CPU.Build.0 = Release|Any CPU
		{A5F29963-0A1E-4C29-A8E3-311EC1AF896E}.Debug|Any CPU.ActiveCfg = Debug|Any CPU
		{A5F29963-0A1E-4C29-A8E3-311EC1AF896E}.Debug|Any CPU.Build.0 = Debug|Any CPU
		{A5F29963-0A1E-4C29-A8E3-311EC1AF896E}.Release|Any CPU.ActiveCfg = Release|Any CPU
		{A5F29963-0A1E-4C29-A8E3-311EC1AF896E}.Release|Any CPU.Build.0 = Release|Any CPU
		{722C21F2-E55D-4E28-B7B1-0720A35EA337}.Debug|Any CPU.ActiveCfg = Debug|Any CPU
		{722C21F2-E55D-4E28-B7B1-0720A35EA337}.Debug|Any CPU.Build.0 = Debug|Any CPU
		{722C21F2-E55D-4E28-B7B1-0720A35EA337}.Release|Any CPU.ActiveCfg = Release|Any CPU
		{722C21F2-E55D-4E28-B7B1-0720A35EA337}.Release|Any CPU.Build.0 = Release|Any CPU
		{D6AC81B3-E802-4408-A873-9912A6A340DA}.Debug|Any CPU.ActiveCfg = Debug|Any CPU
		{D6AC81B3-E802-4408-A873-9912A6A340DA}.Debug|Any CPU.Build.0 = Debug|Any CPU
		{D6AC81B3-E802-4408-A873-9912A6A340DA}.Release|Any CPU.ActiveCfg = Release|Any CPU
		{D6AC81B3-E802-4408-A873-9912A6A340DA}.Release|Any CPU.Build.0 = Release|Any CPU
		{426F8B8A-3983-B069-D55F-693C25CBFAD1}.Debug|Any CPU.ActiveCfg = Debug|Any CPU
		{426F8B8A-3983-B069-D55F-693C25CBFAD1}.Debug|Any CPU.Build.0 = Debug|Any CPU
		{426F8B8A-3983-B069-D55F-693C25CBFAD1}.Release|Any CPU.ActiveCfg = Release|Any CPU
		{426F8B8A-3983-B069-D55F-693C25CBFAD1}.Release|Any CPU.Build.0 = Release|Any CPU
	EndGlobalSection
	GlobalSection(SolutionProperties) = preSolution
		HideSolutionNode = FALSE
	EndGlobalSection
	GlobalSection(NestedProjects) = preSolution
		{9A684EFE-8678-4028-BD84-5E2B600B35E0} = {02EA681E-C7D8-13C7-8484-4AC65E1B71E8}
		{1D59836C-1F9E-44D2-9F84-DDB4CFB09879} = {225F6706-C7FF-437D-8168-53456970B726}
		{A5F29963-0A1E-4C29-A8E3-311EC1AF896E} = {CBB7DAD9-FA78-4DA9-8477-40859BFB620A}
		{722C21F2-E55D-4E28-B7B1-0720A35EA337} = {0520F115-9F36-4D72-AAC5-D8C4B3DAC0EF}
		{D6AC81B3-E802-4408-A873-9912A6A340DA} = {7124FB41-22EB-4945-AB8E-36E799825948}
		{426F8B8A-3983-B069-D55F-693C25CBFAD1} = {5961CA48-9DEA-4265-A0EA-49D9B6B6225B}
	EndGlobalSection
	GlobalSection(ExtensibilityGlobals) = postSolution
		SolutionGuid = {371AAEC5-4865-437E-BCFF-DB3CF8EEF4F0}
	EndGlobalSection
EndGlobal
